uuid: 9c4cdf16-4e31-4b17-9f81-bc6af2b6ec5b
langcode: en
status: true
dependencies:
  module:
    - blellow_helper
  theme:
    - blellow
_core:
  default_config_hash: Kim5T3-Y8tpV-lu3O-_JP9Yl3q9aLf_3J6gZNGR4408
id: footer_block
theme: blellow
region: footer
weight: 0
provider: null
plugin: cnect_footer
settings:
  id: cnect_footer
  label: 'Footer block'
  provider: blellow_helper
  label_display: '0'
visibility: {  }
