uuid: 16da22b9-c759-4cb7-a3ac-c05f423d5d3a
langcode: en
status: true
dependencies:
  config:
    - views.view.fut_home_block_groups
  module:
    - system
    - views
  theme:
    - bartik
id: views_block__fut_home_block_groups_group_block
theme: bartik
region: content
weight: 0
provider: null
plugin: 'views_block:fut_home_block_groups-group_block'
settings:
  id: 'views_block:fut_home_block_groups-group_block'
  label: ''
  provider: views
  label_display: visible
  views_label: ''
  items_per_page: none
visibility:
  request_path:
    id: request_path
    pages: '<front>'
    negate: false
    context_mapping: {  }
